<?xml version="1.0" encoding="UTF-8"?>
<CONFIG>
  <ProjectOptions>
    <Version Value="12"/>
    <PathDelim Value="\"/>
    <General>
      <SessionStorage Value="InProjectDir"/>
      <Title Value="AppPedido"/>
      <Scaled Value="True"/>
      <ResourceType Value="res"/>
      <UseXPManifest Value="True"/>
      <XPManifest>
        <DpiAware Value="True"/>
      </XPManifest>
      <Icon Value="0"/>
    </General>
    <BuildModes>
      <Item Name="Default" Default="True"/>
    </BuildModes>
    <PublishOptions>
      <Version Value="2"/>
      <UseFileFilters Value="True"/>
    </PublishOptions>
    <RunParams>
      <FormatVersion Value="2"/>
    </RunParams>
    <RequiredPackages>
      <Item>
        <PackageName Value="zcomponent"/>
      </Item>
      <Item>
        <PackageName Value="FCL"/>
      </Item>
      <Item>
        <PackageName Value="rxnew"/>
      </Item>
      <Item>
        <PackageName Value="LCL"/>
      </Item>
    </RequiredPackages>
    <Units>
      <Unit>
        <Filename Value="AppPedido.lpr"/>
        <IsPartOfProject Value="True"/>
      </Unit>
      <Unit>
        <Filename Value="umainfrm.pas"/>
        <IsPartOfProject Value="True"/>
        <ComponentName Value="MainFrm"/>
        <HasResources Value="True"/>
        <ResourceBaseClass Value="Form"/>
        <UnitName Value="uMainFrm"/>
      </Unit>
      <Unit>
        <Filename Value="..\..\Common\udmconexao.pas"/>
        <IsPartOfProject Value="True"/>
        <ComponentName Value="DM"/>
        <HasResources Value="True"/>
        <ResourceBaseClass Value="DataModule"/>
      </Unit>
      <Unit>
        <Filename Value="..\..\Horse Server\Example 01\baserouter.pas"/>
        <IsPartOfProject Value="True"/>
        <UnitName Value="BaseRouter"/>
      </Unit>
      <Unit>
        <Filename Value="..\..\Common\pessoa.router.pas"/>
        <IsPartOfProject Value="True"/>
      </Unit>
      <Unit>
        <Filename Value="..\..\Common\pessoa.service.pas"/>
        <IsPartOfProject Value="True"/>
      </Unit>
      <Unit>
        <Filename Value="..\..\Common\viacep.router.pas"/>
        <IsPartOfProject Value="True"/>
      </Unit>
      <Unit>
        <Filename Value="..\..\Horse Server\Example 01\horse01.lpr"/>
        <IsPartOfProject Value="True"/>
      </Unit>
      <Unit>
        <Filename Value="ufrmconsulta.pas"/>
        <IsPartOfProject Value="True"/>
        <ComponentName Value="FrmConsulta"/>
        <ResourceBaseClass Value="Form"/>
      </Unit>
      <Unit>
        <Filename Value="ufrminsertalt.pas"/>
        <IsPartOfProject Value="True"/>
        <ComponentName Value="FrmInsertAlt"/>
        <ResourceBaseClass Value="Form"/>
        <UnitName Value="uFrmInsertAlt"/>
      </Unit>
    </Units>
  </ProjectOptions>
  <CompilerOptions>
    <Version Value="11"/>
    <PathDelim Value="\"/>
    <Target>
      <Filename Value="..\lib\AppPedido"/>
    </Target>
    <SearchPaths>
      <IncludeFiles Value="$(ProjOutDir)"/>
      <Libraries Value="C:\Projetos\Lazarus\Componentes\horse\src\;C:\Projetos\Lazarus\Componentes\horse-basic-auth\src\;C:\Projetos\Lazarus\Componentes\horse-compression\src\;C:\Projetos\Lazarus\Componentes\horse-octet-stream\src\"/>
      <OtherUnitFiles Value="..\..\Common;..\..\Components\dc4dl\src;..\..\Components\j4dl\src;..\..\Components\rr4dl\src;..\..\Components\horse\src;..\..\Components\horse-basic-auth\src"/>
      <UnitOutputDirectory Value="..\lib\$(TargetCPU)-$(TargetOS)"/>
      <SrcPath Value="C:\Projetos\Lazarus\Componentes\horse\src\;C:\Projetos\Lazarus\Componentes\horse-basic-auth\src\;C:\Projetos\Lazarus\Componentes\horse-compression\src\;C:\Projetos\Lazarus\Componentes\horse-octet-stream\src\"/>
    </SearchPaths>
    <CodeGeneration>
      <TargetCPU Value="x86_64"/>
      <TargetOS Value="win64"/>
    </CodeGeneration>
    <Linking>
      <Options>
        <Win32>
          <GraphicApplication Value="True"/>
        </Win32>
      </Options>
    </Linking>
  </CompilerOptions>
  <Debugging>
    <Exceptions>
      <Item>
        <Name Value="EAbort"/>
      </Item>
      <Item>
        <Name Value="ECodetoolError"/>
      </Item>
      <Item>
        <Name Value="EFOpenError"/>
      </Item>
    </Exceptions>
  </Debugging>
</CONFIG>
