<?xml version="1.0" encoding="UTF-8"?>
<CONFIG>
  <ProjectOptions>
    <Version Value="12"/>
    <PathDelim Value="\"/>
    <General>
      <Flags>
        <MainUnitHasCreateFormStatements Value="False"/>
        <MainUnitHasTitleStatement Value="False"/>
        <MainUnitHasScaledStatement Value="False"/>
      </Flags>
      <SessionStorage Value="InProjectDir"/>
      <Title Value="horse01"/>
      <UseAppBundle Value="False"/>
      <ResourceType Value="res"/>
    </General>
    <BuildModes>
      <Item Name="Default" Default="True"/>
      <Item Name="Linux">
        <CompilerOptions>
          <Version Value="11"/>
          <PathDelim Value="\"/>
          <Target>
            <Filename Value="..\lib\horse01"/>
          </Target>
          <SearchPaths>
            <IncludeFiles Value="$(ProjOutDir)"/>
            <OtherUnitFiles Value="C:\Projetos\Lazarus\Componentes\horse\src\;C:\Projetos\Lazarus\Componentes\horse-basic-auth\src\;..\..\Common;C:\Projetos\Lazarus\Componentes\j4dl\src\;C:\Projetos\Lazarus\Componentes\rr4dl\src\"/>
            <UnitOutputDirectory Value="..\temp\$(TargetCPU)-$(TargetOS)"/>
          </SearchPaths>
          <Parsing>
            <SyntaxOptions>
              <SyntaxMode Value="Delphi"/>
            </SyntaxOptions>
          </Parsing>
          <CodeGeneration>
            <TargetCPU Value="x86_64"/>
            <TargetOS Value="linux"/>
          </CodeGeneration>
          <Linking>
            <Debugging>
              <UseExternalDbgSyms Value="True"/>
            </Debugging>
          </Linking>
          <Other>
            <OtherDefines Count="1">
              <Define0 Value="HORSE_CGI"/>
            </OtherDefines>
          </Other>
        </CompilerOptions>
      </Item>
    </BuildModes>
    <PublishOptions>
      <Version Value="2"/>
      <UseFileFilters Value="True"/>
    </PublishOptions>
    <RunParams>
      <FormatVersion Value="2"/>
    </RunParams>
    <RequiredPackages>
      <Item>
        <PackageName Value="zcomponent"/>
      </Item>
      <Item>
        <PackageName Value="indylaz"/>
      </Item>
      <Item>
        <PackageName Value="LazUtils"/>
      </Item>
    </RequiredPackages>
    <Units>
      <Unit>
        <Filename Value="horse01.lpr"/>
        <IsPartOfProject Value="True"/>
      </Unit>
      <Unit>
        <Filename Value="baserouter.pas"/>
        <IsPartOfProject Value="True"/>
        <UnitName Value="BaseRouter"/>
      </Unit>
      <Unit>
        <Filename Value="..\..\Common\viacep.router.pas"/>
        <IsPartOfProject Value="True"/>
      </Unit>
      <Unit>
        <Filename Value="..\..\Common\udmconexao.lfm"/>
        <IsPartOfProject Value="True"/>
      </Unit>
      <Unit>
        <Filename Value="..\..\Common\udmconexao.pas"/>
        <IsPartOfProject Value="True"/>
        <ComponentName Value="DM"/>
        <HasResources Value="True"/>
        <ResourceBaseClass Value="DataModule"/>
      </Unit>
      <Unit>
        <Filename Value="..\..\Common\pessoa.service.pas"/>
        <IsPartOfProject Value="True"/>
      </Unit>
      <Unit>
        <Filename Value="..\..\Common\pessoa.router.pas"/>
        <IsPartOfProject Value="True"/>
      </Unit>
    </Units>
  </ProjectOptions>
  <CompilerOptions>
    <Version Value="11"/>
    <PathDelim Value="\"/>
    <Target>
      <Filename Value="..\lib\horse01"/>
    </Target>
    <SearchPaths>
      <IncludeFiles Value="$(ProjOutDir)"/>
      <OtherUnitFiles Value="C:\Projetos\Lazarus\Componentes\horse\src\;C:\Projetos\Lazarus\Componentes\horse-basic-auth\src\;..\..\Common;C:\Projetos\Lazarus\Componentes\dc4dl\src\;C:\Projetos\Lazarus\Componentes\j4dl\src\;C:\Projetos\Lazarus\Componentes\rr4dl\src\"/>
      <UnitOutputDirectory Value="..\temp\$(TargetCPU)-$(TargetOS)"/>
    </SearchPaths>
    <Parsing>
      <SyntaxOptions>
        <SyntaxMode Value="Delphi"/>
      </SyntaxOptions>
    </Parsing>
    <Other>
      <OtherDefines Count="1">
        <Define0 Value="HORSE_CGI"/>
      </OtherDefines>
    </Other>
  </CompilerOptions>
  <Debugging>
    <Exceptions>
      <Item>
        <Name Value="EAbort"/>
      </Item>
      <Item>
        <Name Value="ECodetoolError"/>
      </Item>
      <Item>
        <Name Value="EFOpenError"/>
      </Item>
    </Exceptions>
  </Debugging>
</CONFIG>
